
Microsoft Visual Studio Solution File, Format Version 12.00
# Visual Studio Version 17
VisualStudioVersion = 17.8.34330.188
MinimumVisualStudioVersion = 10.0.40219.1
Project("{FAE04EC0-301F-11D3-BF4B-00C04F79EFBC}") = "DayTwo", "DayTwo.csproj", "{34C8BC69-F16D-4BD1-B963-80ED7A514727}"
EndProject
Global
	GlobalSection(SolutionConfigurationPlatforms) = preSolution
		Debug|Any CPU = Debug|Any CPU
		Release|Any CPU = Release|Any CPU
	EndGlobalSection
	GlobalSection(ProjectConfigurationPlatforms) = postSolution
		{34C8BC69-F16D-4BD1-B963-80ED7A514727}.Debug|Any CPU.ActiveCfg = Debug|Any CPU
		{34C8BC69-F16D-4BD1-B963-80ED7A514727}.Debug|Any CPU.Build.0 = Debug|Any CPU
		{34C8BC69-F16D-4BD1-B963-80ED7A514727}.Release|Any CPU.ActiveCfg = Release|Any CPU
		{34C8BC69-F16D-4BD1-B963-80ED7A514727}.Release|Any CPU.Build.0 = Release|Any CPU
	EndGlobalSection
	GlobalSection(SolutionProperties) = preSolution
		HideSolutionNode = FALSE
	EndGlobalSection
	GlobalSection(ExtensibilityGlobals) = postSolution
		SolutionGuid = {BF27BBD0-B3C6-4D00-BC44-DC2A28AC97A3}
	EndGlobalSection
EndGlobal
